
Microsoft Visual Studio Solution File, Format Version 12.00
# Visual Studio 15
VisualStudioVersion = 15.0.28307.1267
MinimumVisualStudioVersion = 10.0.40219.1
Project("{FAE04EC0-301F-11D3-BF4B-00C04F79EFBC}") = "ServerChatApp_019_HanifFauzanAlbana", "ServerChatApp_019_HanifFauzanAlbana\ServerChatApp_019_HanifFauzanAlbana.csproj", "{8BBBF970-BAAB-40A6-A47C-E305727BECCA}"
EndProject
Global
	GlobalSection(SolutionConfigurationPlatforms) = preSolution
		Debug|Any CPU = Debug|Any CPU
		Release|Any CPU = Release|Any CPU
	EndGlobalSection
	GlobalSection(ProjectConfigurationPlatforms) = postSolution
		{8BBBF970-BAAB-40A6-A47C-E305727BECCA}.Debug|Any CPU.ActiveCfg = Debug|Any CPU
		{8BBBF970-BAAB-40A6-A47C-E305727BECCA}.Debug|Any CPU.Build.0 = Debug|Any CPU
		{8BBBF970-BAAB-40A6-A47C-E305727BECCA}.Release|Any CPU.ActiveCfg = Release|Any CPU
		{8BBBF970-BAAB-40A6-A47C-E305727BECCA}.Release|Any CPU.Build.0 = Release|Any CPU
	EndGlobalSection
	GlobalSection(SolutionProperties) = preSolution
		HideSolutionNode = FALSE
	EndGlobalSection
	GlobalSection(ExtensibilityGlobals) = postSolution
		SolutionGuid = {A1F6DDCC-735C-4D5D-AED2-A78DBDA33D1F}
	EndGlobalSection
EndGlobal
